// !$*UTF8*$!
{
	archiveVersion = 1;
	classes = {
	};
	objectVersion = 55;
	objects = {

/* Begin PBXBuildFile section */
		F8A22EC227BAACE900FB015E /* LAY_CALYDON_RATTANAVAN_ProjectApp.swift in Sources */ = {isa = PBXBuildFile; fileRef = F8A22EC127BAACE900FB015E /* LAY_CALYDON_RATTANAVAN_ProjectApp.swift */; };
		F8A22EC427BAACE900FB015E /* ContentView.swift in Sources */ = {isa = PBXBuildFile; fileRef = F8A22EC327BAACE900FB015E /* ContentView.swift */; };
		F8A22EC627BAACEA00FB015E /* Assets.xcassets in Resources */ = {isa = PBXBuildFile; fileRef = F8A22EC527BAACEA00FB015E /* Assets.xcassets */; };
		F8A22EC927BAACEA00FB015E /* Preview Assets.xcassets in Resources */ = {isa = PBXBuildFile; fileRef = F8A22EC827BAACEA00FB015E /* Preview Assets.xcassets */; };
		F8A22ED327BAACEA00FB015E /* LAY_CALYDON_RATTANAVAN_ProjectTests.swift in Sources */ = {isa = PBXBuildFile; fileRef = F8A22ED227BAACEA00FB015E /* LAY_CALYDON_RATTANAVAN_ProjectTests.swift */; };
		F8A22EDD27BAACEB00FB015E /* LAY_CALYDON_RATTANAVAN_ProjectUITests.swift in Sources */ = {isa = PBXBuildFile; fileRef = F8A22EDC27BAACEB00FB015E /* LAY_CALYDON_RATTANAVAN_ProjectUITests.swift */; };
		F8A22EDF27BAACEB00FB015E /* LAY_CALYDON_RATTANAVAN_ProjectUITestsLaunchTests.swift in Sources */ = {isa = PBXBuildFile; fileRef = F8A22EDE27BAACEB00FB015E /* LAY_CALYDON_RATTANAVAN_ProjectUITestsLaunchTests.swift */; };
/* End PBXBuildFile section */

/* Begin PBXContainerItemProxy section */
		F8A22ECF27BAACEA00FB015E /* PBXContainerItemProxy */ = {
			isa = PBXContainerItemProxy;
			containerPortal = F8A22EB627BAACE900FB015E /* Project object */;
			proxyType = 1;
			remoteGlobalIDString = F8A22EBD27BAACE900FB015E;
			remoteInfo = LAY_CALYDON_RATTANAVAN_Project;
		};
		F8A22ED927BAACEB00FB015E /* PBXContainerItemProxy */ = {
			isa = PBXContainerItemProxy;
			containerPortal = F8A22EB627BAACE900FB015E /* Project object */;
			proxyType = 1;
			remoteGlobalIDString = F8A22EBD27BAACE900FB015E;
			remoteInfo = LAY_CALYDON_RATTANAVAN_Project;
		};
/* End PBXContainerItemProxy section */

/* Begin PBXFileReference section */
		F8A22EBE27BAACE900FB015E /* LAY_CALYDON_RATTANAVAN_Project.app */ = {isa = PBXFileReference; explicitFileType = wrapper.application; includeInIndex = 0; path = LAY_CALYDON_RATTANAVAN_Project.app; sourceTree = BUILT_PRODUCTS_DIR; };
		F8A22EC127BAACE900FB015E /* LAY_CALYDON_RATTANAVAN_ProjectApp.swift */ = {isa = PBXFileReference; lastKnownFileType = sourcecode.swift; path = LAY_CALYDON_RATTANAVAN_ProjectApp.swift; sourceTree = "<group>"; };
		F8A22EC327BAACE900FB015E /* ContentView.swift */ = {isa = PBXFileReference; lastKnownFileType = sourcecode.swift; path = ContentView.swift; sourceTree = "<group>"; };
		F8A22EC527BAACEA00FB015E /* Assets.xcassets */ = {isa = PBXFileReference; lastKnownFileType = folder.assetcatalog; path = Assets.xcassets; sourceTree = "<group>"; };
		F8A22EC827BAACEA00FB015E /* Preview Assets.xcassets */ = {isa = PBXFileReference; lastKnownFileType = folder.assetcatalog; path = "Preview Assets.xcassets"; sourceTree = "<group>"; };
		F8A22ECE27BAACEA00FB015E /* LAY_CALYDON_RATTANAVAN_ProjectTests.xctest */ = {isa = PBXFileReference; explicitFileType = wrapper.cfbundle; includeInIndex = 0; path = LAY_CALYDON_RATTANAVAN_ProjectTests.xctest; sourceTree = BUILT_PRODUCTS_DIR; };
		F8A22ED227BAACEA00FB015E /* LAY_CALYDON_RATTANAVAN_ProjectTests.swift */ = {isa = PBXFileReference; lastKnownFileType = sourcecode.swift; path = LAY_CALYDON_RATTANAVAN_ProjectTests.swift; sourceTree = "<group>"; };
		F8A22ED827BAACEB00FB015E /* LAY_CALYDON_RATTANAVAN_ProjectUITests.xctest */ = {isa = PBXFileReference; explicitFileType = wrapper.cfbundle; includeInIndex = 0; path = LAY_CALYDON_RATTANAVAN_ProjectUITests.xctest; sourceTree = BUILT_PRODUCTS_DIR; };
		F8A22EDC27BAACEB00FB015E /* LAY_CALYDON_RATTANAVAN_ProjectUITests.swift */ = {isa = PBXFileReference; lastKnownFileType = sourcecode.swift; path = LAY_CALYDON_RATTANAVAN_ProjectUITests.swift; sourceTree = "<group>"; };
		F8A22EDE27BAACEB00FB015E /* LAY_CALYDON_RATTANAVAN_ProjectUITestsLaunchTests.swift */ = {isa = PBXFileReference; lastKnownFileType = sourcecode.swift; path = LAY_CALYDON_RATTANAVAN_ProjectUITestsLaunchTests.swift; sourceTree = "<group>"; };
/* End PBXFileReference section */

/* Begin PBXFrameworksBuildPhase section */
		F8A22EBB27BAACE900FB015E /* Frameworks */ = {
			isa = PBXFrameworksBuildPhase;
			buildActionMask = 2147483647;
			files = (
			);
			runOnlyForDeploymentPostprocessing = 0;
		};
		F8A22ECB27BAACEA00FB015E /* Frameworks */ = {
			isa = PBXFrameworksBuildPhase;
			buildActionMask = 2147483647;
			files = (
			);
			runOnlyForDeploymentPostprocessing = 0;
		};
		F8A22ED527BAACEB00FB015E /* Frameworks */ = {
			isa = PBXFrameworksBuildPhase;
			buildActionMask = 2147483647;
			files = (
			);
			runOnlyForDeploymentPostprocessing = 0;
		};
/* End PBXFrameworksBuildPhase section */

/* Begin PBXGroup section */
		F8A22EB527BAACE900FB015E = {
			isa = PBXGroup;
			children = (
				F8A22EC027BAACE900FB015E /* LAY_CALYDON_RATTANAVAN_Project */,
				F8A22ED127BAACEA00FB015E /* LAY_CALYDON_RATTANAVAN_ProjectTests */,
				F8A22EDB27BAACEB00FB015E /* LAY_CALYDON_RATTANAVAN_ProjectUITests */,
				F8A22EBF27BAACE900FB015E /* Products */,
			);
			sourceTree = "<group>";
		};
		F8A22EBF27BAACE900FB015E /* Products */ = {
			isa = PBXGroup;
			children = (
				F8A22EBE27BAACE900FB015E /* LAY_CALYDON_RATTANAVAN_Project.app */,
				F8A22ECE27BAACEA00FB015E /* LAY_CALYDON_RATTANAVAN_ProjectTests.xctest */,
				F8A22ED827BAACEB00FB015E /* LAY_CALYDON_RATTANAVAN_ProjectUITests.xctest */,
			);
			name = Products;
			sourceTree = "<group>";
		};
		F8A22EC027BAACE900FB015E /* LAY_CALYDON_RATTANAVAN_Project */ = {
			isa = PBXGroup;
			children = (
				F8A22EC127BAACE900FB015E /* LAY_CALYDON_RATTANAVAN_ProjectApp.swift */,
				F8A22EC327BAACE900FB015E /* ContentView.swift */,
				F8A22EC527BAACEA00FB015E /* Assets.xcassets */,
				F8A22EC727BAACEA00FB015E /* Preview Content */,
			);
			path = LAY_CALYDON_RATTANAVAN_Project;
			sourceTree = "<group>";
		};
		F8A22EC727BAACEA00FB015E /* Preview Content */ = {
			isa = PBXGroup;
			children = (
				F8A22EC827BAACEA00FB015E /* Preview Assets.xcassets */,
			);
			path = "Preview Content";
			sourceTree = "<group>";
		};
		F8A22ED127BAACEA00FB015E /* LAY_CALYDON_RATTANAVAN_ProjectTests */ = {
			isa = PBXGroup;
			children = (
				F8A22ED227BAACEA00FB015E /* LAY_CALYDON_RATTANAVAN_ProjectTests.swift */,
			);
			path = LAY_CALYDON_RATTANAVAN_ProjectTests;
			sourceTree = "<group>";
		};
		F8A22EDB27BAACEB00FB015E /* LAY_CALYDON_RATTANAVAN_ProjectUITests */ = {
			isa = PBXGroup;
			children = (
				F8A22EDC27BAACEB00FB015E /* LAY_CALYDON_RATTANAVAN_ProjectUITests.swift */,
				F8A22EDE27BAACEB00FB015E /* LAY_CALYDON_RATTANAVAN_ProjectUITestsLaunchTests.swift */,
			);
			path = LAY_CALYDON_RATTANAVAN_ProjectUITests;
			sourceTree = "<group>";
		};
/* End PBXGroup section */

/* Begin PBXNativeTarget section */
		F8A22EBD27BAACE900FB015E /* LAY_CALYDON_RATTANAVAN_Project */ = {
			isa = PBXNativeTarget;
			buildConfigurationList = F8A22EE227BAACEB00FB015E /* Build configuration list for PBXNativeTarget "LAY_CALYDON_RATTANAVAN_Project" */;
			buildPhases = (
				F8A22EBA27BAACE900FB015E /* Sources */,
				F8A22EBB27BAACE900FB015E /* Frameworks */,
				F8A22EBC27BAACE900FB015E /* Resources */,
			);
			buildRules = (
			);
			dependencies = (
			);
			name = LAY_CALYDON_RATTANAVAN_Project;
			productName = LAY_CALYDON_RATTANAVAN_Project;
			productReference = F8A22EBE27BAACE900FB015E /* LAY_CALYDON_RATTANAVAN_Project.app */;
			productType = "com.apple.product-type.application";
		};
		F8A22ECD27BAACEA00FB015E /* LAY_CALYDON_RATTANAVAN_ProjectTests */ = {
			isa = PBXNativeTarget;
			buildConfigurationList = F8A22EE527BAACEB00FB015E /* Build configuration list for PBXNativeTarget "LAY_CALYDON_RATTANAVAN_ProjectTests" */;
			buildPhases = (
				F8A22ECA27BAACEA00FB015E /* Sources */,
				F8A22ECB27BAACEA00FB015E /* Frameworks */,
				F8A22ECC27BAACEA00FB015E /* Resources */,
			);
			buildRules = (
			);
			dependencies = (
				F8A22ED027BAACEA00FB015E /* PBXTargetDependency */,
			);
			name = LAY_CALYDON_RATTANAVAN_ProjectTests;
			productName = LAY_CALYDON_RATTANAVAN_ProjectTests;
			productReference = F8A22ECE27BAACEA00FB015E /* LAY_CALYDON_RATTANAVAN_ProjectTests.xctest */;
			productType = "com.apple.product-type.bundle.unit-test";
		};
		F8A22ED727BAACEB00FB015E /* LAY_CALYDON_RATTANAVAN_ProjectUITests */ = {
			isa = PBXNativeTarget;
			buildConfigurationList = F8A22EE827BAACEB00FB015E /* Build configuration list for PBXNativeTarget "LAY_CALYDON_RATTANAVAN_ProjectUITests" */;
			buildPhases = (
				F8A22ED427BAACEB00FB015E /* Sources */,
				F8A22ED527BAACEB00FB015E /* Frameworks */,
				F8A22ED627BAACEB00FB015E /* Resources */,
			);
			buildRules = (
			);
			dependencies = (
				F8A22EDA27BAACEB00FB015E /* PBXTargetDependency */,
			);
			name = LAY_CALYDON_RATTANAVAN_ProjectUITests;
			productName = LAY_CALYDON_RATTANAVAN_ProjectUITests;
			productReference = F8A22ED827BAACEB00FB015E /* LAY_CALYDON_RATTANAVAN_ProjectUITests.xctest */;
			productType = "com.apple.product-type.bundle.ui-testing";
		};
/* End PBXNativeTarget section */

/* Begin PBXProject section */
		F8A22EB627BAACE900FB015E /* Project object */ = {
			isa = PBXProject;
			attributes = {
				BuildIndependentTargetsInParallel = 1;
				LastSwiftUpdateCheck = 1320;
				LastUpgradeCheck = 1320;
				TargetAttributes = {
					F8A22EBD27BAACE900FB015E = {
						CreatedOnToolsVersion = 13.2.1;
					};
					F8A22ECD27BAACEA00FB015E = {
						CreatedOnToolsVersion = 13.2.1;
						TestTargetID = F8A22EBD27BAACE900FB015E;
					};
					F8A22ED727BAACEB00FB015E = {
						CreatedOnToolsVersion = 13.2.1;
						TestTargetID = F8A22EBD27BAACE900FB015E;
					};
				};
			};
			buildConfigurationList = F8A22EB927BAACE900FB015E /* Build configuration list for PBXProject "LAY_CALYDON_RATTANAVAN_Project" */;
			compatibilityVersion = "Xcode 13.0";
			developmentRegion = en;
			hasScannedForEncodings = 0;
			knownRegions = (
				en,
				Base,
			);
			mainGroup = F8A22EB527BAACE900FB015E;
			productRefGroup = F8A22EBF27BAACE900FB015E /* Products */;
			projectDirPath = "";
			projectRoot = "";
			targets = (
				F8A22EBD27BAACE900FB015E /* LAY_CALYDON_RATTANAVAN_Project */,
				F8A22ECD27BAACEA00FB015E /* LAY_CALYDON_RATTANAVAN_ProjectTests */,
				F8A22ED727BAACEB00FB015E /* LAY_CALYDON_RATTANAVAN_ProjectUITests */,
			);
		};
/* End PBXProject section */

/* Begin PBXResourcesBuildPhase section */
		F8A22EBC27BAACE900FB015E /* Resources */ = {
			isa = PBXResourcesBuildPhase;
			buildActionMask = 2147483647;
			files = (
				F8A22EC927BAACEA00FB015E /* Preview Assets.xcassets in Resources */,
				F8A22EC627BAACEA00FB015E /* Assets.xcassets in Resources */,
			);
			runOnlyForDeploymentPostprocessing = 0;
		};
		F8A22ECC27BAACEA00FB015E /* Resources */ = {
			isa = PBXResourcesBuildPhase;
			buildActionMask = 2147483647;
			files = (
			);
			runOnlyForDeploymentPostprocessing = 0;
		};
		F8A22ED627BAACEB00FB015E /* Resources */ = {
			isa = PBXResourcesBuildPhase;
			buildActionMask = 2147483647;
			files = (
			);
			runOnlyForDeploymentPostprocessing = 0;
		};
/* End PBXResourcesBuildPhase section */

/* Begin PBXSourcesBuildPhase section */
		F8A22EBA27BAACE900FB015E /* Sources */ = {
			isa = PBXSourcesBuildPhase;
			buildActionMask = 2147483647;
			files = (
				F8A22EC427BAACE900FB015E /* ContentView.swift in Sources */,
				F8A22EC227BAACE900FB015E /* LAY_CALYDON_RATTANAVAN_ProjectApp.swift in Sources */,
			);
			runOnlyForDeploymentPostprocessing = 0;
		};
		F8A22ECA27BAACEA00FB015E /* Sources */ = {
			isa = PBXSourcesBuildPhase;
			buildActionMask = 2147483647;
			files = (
				F8A22ED327BAACEA00FB015E /* LAY_CALYDON_RATTANAVAN_ProjectTests.swift in Sources */,
			);
			runOnlyForDeploymentPostprocessing = 0;
		};
		F8A22ED427BAACEB00FB015E /* Sources */ = {
			isa = PBXSourcesBuildPhase;
			buildActionMask = 2147483647;
			files = (
				F8A22EDF27BAACEB00FB015E /* LAY_CALYDON_RATTANAVAN_ProjectUITestsLaunchTests.swift in Sources */,
				F8A22EDD27BAACEB00FB015E /* LAY_CALYDON_RATTANAVAN_ProjectUITests.swift in Sources */,
			);
			runOnlyForDeploymentPostprocessing = 0;
		};
/* End PBXSourcesBuildPhase section */

/* Begin PBXTargetDependency section */
		F8A22ED027BAACEA00FB015E /* PBXTargetDependency */ = {
			isa = PBXTargetDependency;
			target = F8A22EBD27BAACE900FB015E /* LAY_CALYDON_RATTANAVAN_Project */;
			targetProxy = F8A22ECF27BAACEA00FB015E /* PBXContainerItemProxy */;
		};
		F8A22EDA27BAACEB00FB015E /* PBXTargetDependency */ = {
			isa = PBXTargetDependency;
			target = F8A22EBD27BAACE900FB015E /* LAY_CALYDON_RATTANAVAN_Project */;
			targetProxy = F8A22ED927BAACEB00FB015E /* PBXContainerItemProxy */;
		};
/* End PBXTargetDependency section */

/* Begin XCBuildConfiguration section */
		F8A22EE027BAACEB00FB015E /* Debug */ = {
			isa = XCBuildConfiguration;
			buildSettings = {
				ALWAYS_SEARCH_USER_PATHS = NO;
				CLANG_ANALYZER_NONNULL = YES;
				CLANG_ANALYZER_NUMBER_OBJECT_CONVERSION = YES_AGGRESSIVE;
				CLANG_CXX_LANGUAGE_STANDARD = "gnu++17";
				CLANG_CXX_LIBRARY = "libc++";
				CLANG_ENABLE_MODULES = YES;
				CLANG_ENABLE_OBJC_ARC = YES;
				CLANG_ENABLE_OBJC_WEAK = YES;
				CLANG_WARN_BLOCK_CAPTURE_AUTORELEASING = YES;
				CLANG_WARN_BOOL_CONVERSION = YES;
				CLANG_WARN_COMMA = YES;
				CLANG_WARN_CONSTANT_CONVERSION = YES;
				CLANG_WARN_DEPRECATED_OBJC_IMPLEMENTATIONS = YES;
				CLANG_WARN_DIRECT_OBJC_ISA_USAGE = YES_ERROR;
				CLANG_WARN_DOCUMENTATION_COMMENTS = YES;
				CLANG_WARN_EMPTY_BODY = YES;
				CLANG_WARN_ENUM_CONVERSION = YES;
				CLANG_WARN_INFINITE_RECURSION = YES;
				CLANG_WARN_INT_CONVERSION = YES;
				CLANG_WARN_NON_LITERAL_NULL_CONVERSION = YES;
				CLANG_WARN_OBJC_IMPLICIT_RETAIN_SELF = YES;
				CLANG_WARN_OBJC_LITERAL_CONVERSION = YES;
				CLANG_WARN_OBJC_ROOT_CLASS = YES_ERROR;
				CLANG_WARN_QUOTED_INCLUDE_IN_FRAMEWORK_HEADER = YES;
				CLANG_WARN_RANGE_LOOP_ANALYSIS = YES;
				CLANG_WARN_STRICT_PROTOTYPES = YES;
				CLANG_WARN_SUSPICIOUS_MOVE = YES;
				CLANG_WARN_UNGUARDED_AVAILABILITY = YES_AGGRESSIVE;
				CLANG_WARN_UNREACHABLE_CODE = YES;
				CLANG_WARN__DUPLICATE_METHOD_MATCH = YES;
				COPY_PHASE_STRIP = NO;
				DEBUG_INFORMATION_FORMAT = dwarf;
				ENABLE_STRICT_OBJC_MSGSEND = YES;
				ENABLE_TESTABILITY = YES;
				GCC_C_LANGUAGE_STANDARD = gnu11;
				GCC_DYNAMIC_NO_PIC = NO;
				GCC_NO_COMMON_BLOCKS = YES;
				GCC_OPTIMIZATION_LEVEL = 0;
				GCC_PREPROCESSOR_DEFINITIONS = (
					"DEBUG=1",
					"$(inherited)",
				);
				GCC_WARN_64_TO_32_BIT_CONVERSION = YES;
				GCC_WARN_ABOUT_RETURN_TYPE = YES_ERROR;
				GCC_WARN_UNDECLARED_SELECTOR = YES;
				GCC_WARN_UNINITIALIZED_AUTOS = YES_AGGRESSIVE;
				GCC_WARN_UNUSED_FUNCTION = YES;
				GCC_WARN_UNUSED_VARIABLE = YES;
				IPHONEOS_DEPLOYMENT_TARGET = 15.2;
				MTL_ENABLE_DEBUG_INFO = INCLUDE_SOURCE;
				MTL_FAST_MATH = YES;
				ONLY_ACTIVE_ARCH = YES;
				SDKROOT = iphoneos;
				SWIFT_ACTIVE_COMPILATION_CONDITIONS = DEBUG;
				SWIFT_OPTIMIZATION_LEVEL = "-Onone";
			};
			name = Debug;
		};
		F8A22EE127BAACEB00FB015E /* Release */ = {
			isa = XCBuildConfiguration;
			buildSettings = {
				ALWAYS_SEARCH_USER_PATHS = NO;
				CLANG_ANALYZER_NONNULL = YES;
				CLANG_ANALYZER_NUMBER_OBJECT_CONVERSION = YES_AGGRESSIVE;
				CLANG_CXX_LANGUAGE_STANDARD = "gnu++17";
				CLANG_CXX_LIBRARY = "libc++";
				CLANG_ENABLE_MODULES = YES;
				CLANG_ENABLE_OBJC_ARC = YES;
				CLANG_ENABLE_OBJC_WEAK = YES;
				CLANG_WARN_BLOCK_CAPTURE_AUTORELEASING = YES;
				CLANG_WARN_BOOL_CONVERSION = YES;
				CLANG_WARN_COMMA = YES;
				CLANG_WARN_CONSTANT_CONVERSION = YES;
				CLANG_WARN_DEPRECATED_OBJC_IMPLEMENTATIONS = YES;
				CLANG_WARN_DIRECT_OBJC_ISA_USAGE = YES_ERROR;
				CLANG_WARN_DOCUMENTATION_COMMENTS = YES;
				CLANG_WARN_EMPTY_BODY = YES;
				CLANG_WARN_ENUM_CONVERSION = YES;
				CLANG_WARN_INFINITE_RECURSION = YES;
				CLANG_WARN_INT_CONVERSION = YES;
				CLANG_WARN_NON_LITERAL_NULL_CONVERSION = YES;
				CLANG_WARN_OBJC_IMPLICIT_RETAIN_SELF = YES;
				CLANG_WARN_OBJC_LITERAL_CONVERSION = YES;
				CLANG_WARN_OBJC_ROOT_CLASS = YES_ERROR;
				CLANG_WARN_QUOTED_INCLUDE_IN_FRAMEWORK_HEADER = YES;
				CLANG_WARN_RANGE_LOOP_ANALYSIS = YES;
				CLANG_WARN_STRICT_PROTOTYPES = YES;
				CLANG_WARN_SUSPICIOUS_MOVE = YES;
				CLANG_WARN_UNGUARDED_AVAILABILITY = YES_AGGRESSIVE;
				CLANG_WARN_UNREACHABLE_CODE = YES;
				CLANG_WARN__DUPLICATE_METHOD_MATCH = YES;
				COPY_PHASE_STRIP = NO;
				DEBUG_INFORMATION_FORMAT = "dwarf-with-dsym";
				ENABLE_NS_ASSERTIONS = NO;
				ENABLE_STRICT_OBJC_MSGSEND = YES;
				GCC_C_LANGUAGE_STANDARD = gnu11;
				GCC_NO_COMMON_BLOCKS = YES;
				GCC_WARN_64_TO_32_BIT_CONVERSION = YES;
				GCC_WARN_ABOUT_RETURN_TYPE = YES_ERROR;
				GCC_WARN_UNDECLARED_SELECTOR = YES;
				GCC_WARN_UNINITIALIZED_AUTOS = YES_AGGRESSIVE;
				GCC_WARN_UNUSED_FUNCTION = YES;
				GCC_WARN_UNUSED_VARIABLE = YES;
				IPHONEOS_DEPLOYMENT_TARGET = 15.2;
				MTL_ENABLE_DEBUG_INFO = NO;
				MTL_FAST_MATH = YES;
				SDKROOT = iphoneos;
				SWIFT_COMPILATION_MODE = wholemodule;
				SWIFT_OPTIMIZATION_LEVEL = "-O";
				VALIDATE_PRODUCT = YES;
			};
			name = Release;
		};
		F8A22EE327BAACEB00FB015E /* Debug */ = {
			isa = XCBuildConfiguration;
			buildSettings = {
				ASSETCATALOG_COMPILER_APPICON_NAME = AppIcon;
				ASSETCATALOG_COMPILER_GLOBAL_ACCENT_COLOR_NAME = AccentColor;
				CODE_SIGN_STYLE = Automatic;
				CURRENT_PROJECT_VERSION = 1;
				DEVELOPMENT_ASSET_PATHS = "\"LAY_CALYDON_RATTANAVAN_Project/Preview Content\"";
				ENABLE_PREVIEWS = YES;
				GENERATE_INFOPLIST_FILE = YES;
				INFOPLIST_KEY_UIApplicationSceneManifest_Generation = YES;
				INFOPLIST_KEY_UIApplicationSupportsIndirectInputEvents = YES;
				INFOPLIST_KEY_UILaunchScreen_Generation = YES;
				INFOPLIST_KEY_UISupportedInterfaceOrientations_iPad = "UIInterfaceOrientationPortrait UIInterfaceOrientationPortraitUpsideDown UIInterfaceOrientationLandscapeLeft UIInterfaceOrientationLandscapeRight";
				INFOPLIST_KEY_UISupportedInterfaceOrientations_iPhone = "UIInterfaceOrientationPortrait UIInterfaceOrientationLandscapeLeft UIInterfaceOrientationLandscapeRight";
				LD_RUNPATH_SEARCH_PATHS = (
					"$(inherited)",
					"@executable_path/Frameworks",
				);
				MARKETING_VERSION = 1.0;
				PRODUCT_BUNDLE_IDENTIFIER = "French-Events.LAY-CALYDON-RATTANAVAN-Project";
				PRODUCT_NAME = "$(TARGET_NAME)";
				SWIFT_EMIT_LOC_STRINGS = YES;
				SWIFT_VERSION = 5.0;
				TARGETED_DEVICE_FAMILY = "1,2";
			};
			name = Debug;
		};
		F8A22EE427BAACEB00FB015E /* Release */ = {
			isa = XCBuildConfiguration;
			buildSettings = {
				ASSETCATALOG_COMPILER_APPICON_NAME = AppIcon;
				ASSETCATALOG_COMPILER_GLOBAL_ACCENT_COLOR_NAME = AccentColor;
				CODE_SIGN_STYLE = Automatic;
				CURRENT_PROJECT_VERSION = 1;
				DEVELOPMENT_ASSET_PATHS = "\"LAY_CALYDON_RATTANAVAN_Project/Preview Content\"";
				ENABLE_PREVIEWS = YES;
				GENERATE_INFOPLIST_FILE = YES;
				INFOPLIST_KEY_UIApplicationSceneManifest_Generation = YES;
				INFOPLIST_KEY_UIApplicationSupportsIndirectInputEvents = YES;
				INFOPLIST_KEY_UILaunchScreen_Generation = YES;
				INFOPLIST_KEY_UISupportedInterfaceOrientations_iPad = "UIInterfaceOrientationPortrait UIInterfaceOrientationPortraitUpsideDown UIInterfaceOrientationLandscapeLeft UIInterfaceOrientationLandscapeRight";
				INFOPLIST_KEY_UISupportedInterfaceOrientations_iPhone = "UIInterfaceOrientationPortrait UIInterfaceOrientationLandscapeLeft UIInterfaceOrientationLandscapeRight";
				LD_RUNPATH_SEARCH_PATHS = (
					"$(inherited)",
					"@executable_path/Frameworks",
				);
				MARKETING_VERSION = 1.0;
				PRODUCT_BUNDLE_IDENTIFIER = "French-Events.LAY-CALYDON-RATTANAVAN-Project";
				PRODUCT_NAME = "$(TARGET_NAME)";
				SWIFT_EMIT_LOC_STRINGS = YES;
				SWIFT_VERSION = 5.0;
				TARGETED_DEVICE_FAMILY = "1,2";
			};
			name = Release;
		};
		F8A22EE627BAACEB00FB015E /* Debug */ = {
			isa = XCBuildConfiguration;
			buildSettings = {
				ALWAYS_EMBED_SWIFT_STANDARD_LIBRARIES = YES;
				BUNDLE_LOADER = "$(TEST_HOST)";
				CODE_SIGN_STYLE = Automatic;
				CURRENT_PROJECT_VERSION = 1;
				GENERATE_INFOPLIST_FILE = YES;
				IPHONEOS_DEPLOYMENT_TARGET = 15.2;
				MARKETING_VERSION = 1.0;
				PRODUCT_BUNDLE_IDENTIFIER = "French-Events.LAY-CALYDON-RATTANAVAN-ProjectTests";
				PRODUCT_NAME = "$(TARGET_NAME)";
				SWIFT_EMIT_LOC_STRINGS = NO;
				SWIFT_VERSION = 5.0;
				TARGETED_DEVICE_FAMILY = "1,2";
				TEST_HOST = "$(BUILT_PRODUCTS_DIR)/LAY_CALYDON_RATTANAVAN_Project.app/LAY_CALYDON_RATTANAVAN_Project";
			};
			name = Debug;
		};
		F8A22EE727BAACEB00FB015E /* Release */ = {
			isa = XCBuildConfiguration;
			buildSettings = {
				ALWAYS_EMBED_SWIFT_STANDARD_LIBRARIES = YES;
				BUNDLE_LOADER = "$(TEST_HOST)";
				CODE_SIGN_STYLE = Automatic;
				CURRENT_PROJECT_VERSION = 1;
				GENERATE_INFOPLIST_FILE = YES;
				IPHONEOS_DEPLOYMENT_TARGET = 15.2;
				MARKETING_VERSION = 1.0;
				PRODUCT_BUNDLE_IDENTIFIER = "French-Events.LAY-CALYDON-RATTANAVAN-ProjectTests";
				PRODUCT_NAME = "$(TARGET_NAME)";
				SWIFT_EMIT_LOC_STRINGS = NO;
				SWIFT_VERSION = 5.0;
				TARGETED_DEVICE_FAMILY = "1,2";
				TEST_HOST = "$(BUILT_PRODUCTS_DIR)/LAY_CALYDON_RATTANAVAN_Project.app/LAY_CALYDON_RATTANAVAN_Project";
			};
			name = Release;
		};
		F8A22EE927BAACEB00FB015E /* Debug */ = {
			isa = XCBuildConfiguration;
			buildSettings = {
				ALWAYS_EMBED_SWIFT_STANDARD_LIBRARIES = YES;
				CODE_SIGN_STYLE = Automatic;
				CURRENT_PROJECT_VERSION = 1;
				GENERATE_INFOPLIST_FILE = YES;
				MARKETING_VERSION = 1.0;
				PRODUCT_BUNDLE_IDENTIFIER = "French-Events.LAY-CALYDON-RATTANAVAN-ProjectUITests";
				PRODUCT_NAME = "$(TARGET_NAME)";
				SWIFT_EMIT_LOC_STRINGS = NO;
				SWIFT_VERSION = 5.0;
				TARGETED_DEVICE_FAMILY = "1,2";
				TEST_TARGET_NAME = LAY_CALYDON_RATTANAVAN_Project;
			};
			name = Debug;
		};
		F8A22EEA27BAACEB00FB015E /* Release */ = {
			isa = XCBuildConfiguration;
			buildSettings = {
				ALWAYS_EMBED_SWIFT_STANDARD_LIBRARIES = YES;
				CODE_SIGN_STYLE = Automatic;
				CURRENT_PROJECT_VERSION = 1;
				GENERATE_INFOPLIST_FILE = YES;
				MARKETING_VERSION = 1.0;
				PRODUCT_BUNDLE_IDENTIFIER = "French-Events.LAY-CALYDON-RATTANAVAN-ProjectUITests";
				PRODUCT_NAME = "$(TARGET_NAME)";
				SWIFT_EMIT_LOC_STRINGS = NO;
				SWIFT_VERSION = 5.0;
				TARGETED_DEVICE_FAMILY = "1,2";
				TEST_TARGET_NAME = LAY_CALYDON_RATTANAVAN_Project;
			};
			name = Release;
		};
/* End XCBuildConfiguration section */

/* Begin XCConfigurationList section */
		F8A22EB927BAACE900FB015E /* Build configuration list for PBXProject "LAY_CALYDON_RATTANAVAN_Project" */ = {
			isa = XCConfigurationList;
			buildConfigurations = (
				F8A22EE027BAACEB00FB015E /* Debug */,
				F8A22EE127BAACEB00FB015E /* Release */,
			);
			defaultConfigurationIsVisible = 0;
			defaultConfigurationName = Release;
		};
		F8A22EE227BAACEB00FB015E /* Build configuration list for PBXNativeTarget "LAY_CALYDON_RATTANAVAN_Project" */ = {
			isa = XCConfigurationList;
			buildConfigurations = (
				F8A22EE327BAACEB00FB015E /* Debug */,
				F8A22EE427BAACEB00FB015E /* Release */,
			);
			defaultConfigurationIsVisible = 0;
			defaultConfigurationName = Release;
		};
		F8A22EE527BAACEB00FB015E /* Build configuration list for PBXNativeTarget "LAY_CALYDON_RATTANAVAN_ProjectTests" */ = {
			isa = XCConfigurationList;
			buildConfigurations = (
				F8A22EE627BAACEB00FB015E /* Debug */,
				F8A22EE727BAACEB00FB015E /* Release */,
			);
			defaultConfigurationIsVisible = 0;
			defaultConfigurationName = Release;
		};
		F8A22EE827BAACEB00FB015E /* Build configuration list for PBXNativeTarget "LAY_CALYDON_RATTANAVAN_ProjectUITests" */ = {
			isa = XCConfigurationList;
			buildConfigurations = (
				F8A22EE927BAACEB00FB015E /* Debug */,
				F8A22EEA27BAACEB00FB015E /* Release */,
			);
			defaultConfigurationIsVisible = 0;
			defaultConfigurationName = Release;
		};
/* End XCConfigurationList section */
	};
	rootObject = F8A22EB627BAACE900FB015E /* Project object */;
}
